
Microsoft Visual Studio Solution File, Format Version 12.00
# Visual Studio Version 17
VisualStudioVersion = 17.5.002.0
MinimumVisualStudioVersion = 10.0.40219.1
Project("{9A19103F-16F7-4668-BE54-9A1E7A4F7556}") = "e-shop-server", "e-shop-server.csproj", "{AA0B1FE0-43E2-4402-BFB6-CA4CCC5E048B}"
EndProject
Global
	GlobalSection(SolutionConfigurationPlatforms) = preSolution
		Debug|Any CPU = Debug|Any CPU
		Release|Any CPU = Release|Any CPU
	EndGlobalSection
	GlobalSection(ProjectConfigurationPlatforms) = postSolution
		{AA0B1FE0-43E2-4402-BFB6-CA4CCC5E048B}.Debug|Any CPU.ActiveCfg = Debug|Any CPU
		{AA0B1FE0-43E2-4402-BFB6-CA4CCC5E048B}.Debug|Any CPU.Build.0 = Debug|Any CPU
		{AA0B1FE0-43E2-4402-BFB6-CA4CCC5E048B}.Release|Any CPU.ActiveCfg = Release|Any CPU
		{AA0B1FE0-43E2-4402-BFB6-CA4CCC5E048B}.Release|Any CPU.Build.0 = Release|Any CPU
	EndGlobalSection
	GlobalSection(SolutionProperties) = preSolution
		HideSolutionNode = FALSE
	EndGlobalSection
	GlobalSection(ExtensibilityGlobals) = postSolution
		SolutionGuid = {D2187DC8-6922-4E49-882C-2A77E64762F5}
	EndGlobalSection
EndGlobal
